
Microsoft Visual Studio Solution File, Format Version 12.00
# Visual Studio Version 17
VisualStudioVersion = 17.7.34018.315
MinimumVisualStudioVersion = 10.0.40219.1
Project("{FAE04EC0-301F-11D3-BF4B-00C04F79EFBC}") = "Test2_Database_Library", "Test2_Database_Library\Test2_Database_Library.csproj", "{756D4C7D-09D4-49EC-AFC3-1AC3A946449B}"
EndProject
Global
	GlobalSection(SolutionConfigurationPlatforms) = preSolution
		Debug|Any CPU = Debug|Any CPU
		Release|Any CPU = Release|Any CPU
	EndGlobalSection
	GlobalSection(ProjectConfigurationPlatforms) = postSolution
		{756D4C7D-09D4-49EC-AFC3-1AC3A946449B}.Debug|Any CPU.ActiveCfg = Debug|Any CPU
		{756D4C7D-09D4-49EC-AFC3-1AC3A946449B}.Debug|Any CPU.Build.0 = Debug|Any CPU
		{756D4C7D-09D4-49EC-AFC3-1AC3A946449B}.Release|Any CPU.ActiveCfg = Release|Any CPU
		{756D4C7D-09D4-49EC-AFC3-1AC3A946449B}.Release|Any CPU.Build.0 = Release|Any CPU
	EndGlobalSection
	GlobalSection(SolutionProperties) = preSolution
		HideSolutionNode = FALSE
	EndGlobalSection
	GlobalSection(ExtensibilityGlobals) = postSolution
		SolutionGuid = {30F92FF0-BC78-4041-B13F-DE512C95E5DE}
	EndGlobalSection
EndGlobal
